
Microsoft Visual Studio Solution File, Format Version 12.00
# Visual Studio Version 17
VisualStudioVersion = 17.5.33516.290
MinimumVisualStudioVersion = 10.0.40219.1
Project("{FAE04EC0-301F-11D3-BF4B-00C04F79EFBC}") = "CLCalculator", "CLCalculator.csproj", "{D10B7825-FBAF-40B6-950C-FD52D11AAE11}"
EndProject
Global
	GlobalSection(SolutionConfigurationPlatforms) = preSolution
		Debug|Any CPU = Debug|Any CPU
		Release|Any CPU = Release|Any CPU
	EndGlobalSection
	GlobalSection(ProjectConfigurationPlatforms) = postSolution
		{D10B7825-FBAF-40B6-950C-FD52D11AAE11}.Debug|Any CPU.ActiveCfg = Debug|Any CPU
		{D10B7825-FBAF-40B6-950C-FD52D11AAE11}.Debug|Any CPU.Build.0 = Debug|Any CPU
		{D10B7825-FBAF-40B6-950C-FD52D11AAE11}.Release|Any CPU.ActiveCfg = Release|Any CPU
		{D10B7825-FBAF-40B6-950C-FD52D11AAE11}.Release|Any CPU.Build.0 = Release|Any CPU
	EndGlobalSection
	GlobalSection(SolutionProperties) = preSolution
		HideSolutionNode = FALSE
	EndGlobalSection
	GlobalSection(ExtensibilityGlobals) = postSolution
		SolutionGuid = {9D178113-160D-41FD-9580-A923A3CDC5FB}
	EndGlobalSection
EndGlobal
